{
  "name": "jenkinsDemo",
  "version": "1.0.0",
  "lockfileVersion": 1,
  "requires": true,
  "dependencies": {
    "cli-init": {
      "version": "0.0.1",
      "resolved": "https://registry.npm.taobao.org/cli-init/download/cli-init-0.0.1.tgz",
      "integrity": "sha1-A3HuFmDed9N/2B8IK09PBA03pqY="
    }
  }
}
